
Microsoft Visual Studio Solution File, Format Version 12.00
# Visual Studio Version 17
VisualStudioVersion = 17.8.34322.80
MinimumVisualStudioVersion = 10.0.40219.1
Project("{9A19103F-16F7-4668-BE54-9A1E7A4F7556}") = "HealthMate.API", "HealthMate.API\HealthMate.API.csproj", "{4EC12662-4C14-4137-A8BF-42B8821EAFDF}"
EndProject
Project("{9A19103F-16F7-4668-BE54-9A1E7A4F7556}") = "HealthMate.DAL", "HealthMate.DAL\HealthMate.DAL.csproj", "{1C0C5F63-E7FB-42AD-AFC1-A9C83EBAB551}"
EndProject
Project("{9A19103F-16F7-4668-BE54-9A1E7A4F7556}") = "HealthMate.BLL", "HealthMate.BLL\HealthMate.BLL.csproj", "{26B23A42-50B9-4356-9886-02952D604DB6}"
EndProject
Project("{9A19103F-16F7-4668-BE54-9A1E7A4F7556}") = "HealthMate.Tests", "HealthMate.Tests\HealthMate.Tests.csproj", "{982F7B94-774A-4013-9578-A2124202DDFF}"
EndProject
Global
	GlobalSection(SolutionConfigurationPlatforms) = preSolution
		Debug|Any CPU = Debug|Any CPU
		Release|Any CPU = Release|Any CPU
	EndGlobalSection
	GlobalSection(ProjectConfigurationPlatforms) = postSolution
		{4EC12662-4C14-4137-A8BF-42B8821EAFDF}.Debug|Any CPU.ActiveCfg = Debug|Any CPU
		{4EC12662-4C14-4137-A8BF-42B8821EAFDF}.Debug|Any CPU.Build.0 = Debug|Any CPU
		{4EC12662-4C14-4137-A8BF-42B8821EAFDF}.Release|Any CPU.ActiveCfg = Release|Any CPU
		{4EC12662-4C14-4137-A8BF-42B8821EAFDF}.Release|Any CPU.Build.0 = Release|Any CPU
		{1C0C5F63-E7FB-42AD-AFC1-A9C83EBAB551}.Debug|Any CPU.ActiveCfg = Debug|Any CPU
		{1C0C5F63-E7FB-42AD-AFC1-A9C83EBAB551}.Debug|Any CPU.Build.0 = Debug|Any CPU
		{1C0C5F63-E7FB-42AD-AFC1-A9C83EBAB551}.Release|Any CPU.ActiveCfg = Release|Any CPU
		{1C0C5F63-E7FB-42AD-AFC1-A9C83EBAB551}.Release|Any CPU.Build.0 = Release|Any CPU
		{26B23A42-50B9-4356-9886-02952D604DB6}.Debug|Any CPU.ActiveCfg = Debug|Any CPU
		{26B23A42-50B9-4356-9886-02952D604DB6}.Debug|Any CPU.Build.0 = Debug|Any CPU
		{26B23A42-50B9-4356-9886-02952D604DB6}.Release|Any CPU.ActiveCfg = Release|Any CPU
		{26B23A42-50B9-4356-9886-02952D604DB6}.Release|Any CPU.Build.0 = Release|Any CPU
		{982F7B94-774A-4013-9578-A2124202DDFF}.Debug|Any CPU.ActiveCfg = Debug|Any CPU
		{982F7B94-774A-4013-9578-A2124202DDFF}.Debug|Any CPU.Build.0 = Debug|Any CPU
		{982F7B94-774A-4013-9578-A2124202DDFF}.Release|Any CPU.ActiveCfg = Release|Any CPU
		{982F7B94-774A-4013-9578-A2124202DDFF}.Release|Any CPU.Build.0 = Release|Any CPU
	EndGlobalSection
	GlobalSection(SolutionProperties) = preSolution
		HideSolutionNode = FALSE
	EndGlobalSection
	GlobalSection(ExtensibilityGlobals) = postSolution
		SolutionGuid = {ACBD1916-1AEA-4AA6-A54A-7F31055CBCB7}
	EndGlobalSection
EndGlobal
