
Microsoft Visual Studio Solution File, Format Version 12.00
# Visual Studio Version 17
VisualStudioVersion = 17.8.34322.80
MinimumVisualStudioVersion = 10.0.40219.1
Project("{FAE04EC0-301F-11D3-BF4B-00C04F79EFBC}") = "HealthMate.API", "HealthMate.API\HealthMate.API.csproj", "{4EC12662-4C14-4137-A8BF-42B8821EAFDF}"
EndProject
Global
	GlobalSection(SolutionConfigurationPlatforms) = preSolution
		Debug|Any CPU = Debug|Any CPU
		Release|Any CPU = Release|Any CPU
	EndGlobalSection
	GlobalSection(ProjectConfigurationPlatforms) = postSolution
		{4EC12662-4C14-4137-A8BF-42B8821EAFDF}.Debug|Any CPU.ActiveCfg = Debug|Any CPU
		{4EC12662-4C14-4137-A8BF-42B8821EAFDF}.Debug|Any CPU.Build.0 = Debug|Any CPU
		{4EC12662-4C14-4137-A8BF-42B8821EAFDF}.Release|Any CPU.ActiveCfg = Release|Any CPU
		{4EC12662-4C14-4137-A8BF-42B8821EAFDF}.Release|Any CPU.Build.0 = Release|Any CPU
	EndGlobalSection
	GlobalSection(SolutionProperties) = preSolution
		HideSolutionNode = FALSE
	EndGlobalSection
	GlobalSection(ExtensibilityGlobals) = postSolution
		SolutionGuid = {ACBD1916-1AEA-4AA6-A54A-7F31055CBCB7}
	EndGlobalSection
EndGlobal
